
Microsoft Visual Studio Solution File, Format Version 12.00
# Visual Studio 15
VisualStudioVersion = 15.0.28010.2019
MinimumVisualStudioVersion = 10.0.40219.1
Project("{FAE04EC0-301F-11D3-BF4B-00C04F79EFBC}") = "MarketForecasterCore", "MarketForecasterCore\MarketForecasterCore.csproj", "{F728F0B5-2846-4532-A8B9-1532AF0D78C2}"
EndProject
Project("{2150E333-8FDC-42A3-9474-1A3956D46DE8}") = "SharedKernell", "SharedKernell", "{E0E8FFAF-D637-4961-881B-A6967FEC5F1A}"
EndProject
Project("{FAE04EC0-301F-11D3-BF4B-00C04F79EFBC}") = "AutomatedTrader.Sharedkernel", "AutomatedTrader.Sharedkernel\AutomatedTrader.Sharedkernel.csproj", "{5141DCDB-B9A4-4770-B6B2-13EE7FFABEA0}"
EndProject
Project("{FAE04EC0-301F-11D3-BF4B-00C04F79EFBC}") = "MarketForecasterCore.Tests", "MarketForecasterCore.Tests\MarketForecasterCore.Tests.csproj", "{197262F1-9AFB-4FD5-9C88-AA9C40A7BC61}"
EndProject
Global
	GlobalSection(SolutionConfigurationPlatforms) = preSolution
		Debug|Any CPU = Debug|Any CPU
		Release|Any CPU = Release|Any CPU
	EndGlobalSection
	GlobalSection(ProjectConfigurationPlatforms) = postSolution
		{F728F0B5-2846-4532-A8B9-1532AF0D78C2}.Debug|Any CPU.ActiveCfg = Debug|Any CPU
		{F728F0B5-2846-4532-A8B9-1532AF0D78C2}.Debug|Any CPU.Build.0 = Debug|Any CPU
		{F728F0B5-2846-4532-A8B9-1532AF0D78C2}.Release|Any CPU.ActiveCfg = Release|Any CPU
		{F728F0B5-2846-4532-A8B9-1532AF0D78C2}.Release|Any CPU.Build.0 = Release|Any CPU
		{5141DCDB-B9A4-4770-B6B2-13EE7FFABEA0}.Debug|Any CPU.ActiveCfg = Debug|Any CPU
		{5141DCDB-B9A4-4770-B6B2-13EE7FFABEA0}.Debug|Any CPU.Build.0 = Debug|Any CPU
		{5141DCDB-B9A4-4770-B6B2-13EE7FFABEA0}.Release|Any CPU.ActiveCfg = Release|Any CPU
		{5141DCDB-B9A4-4770-B6B2-13EE7FFABEA0}.Release|Any CPU.Build.0 = Release|Any CPU
		{197262F1-9AFB-4FD5-9C88-AA9C40A7BC61}.Debug|Any CPU.ActiveCfg = Debug|Any CPU
		{197262F1-9AFB-4FD5-9C88-AA9C40A7BC61}.Debug|Any CPU.Build.0 = Debug|Any CPU
		{197262F1-9AFB-4FD5-9C88-AA9C40A7BC61}.Release|Any CPU.ActiveCfg = Release|Any CPU
		{197262F1-9AFB-4FD5-9C88-AA9C40A7BC61}.Release|Any CPU.Build.0 = Release|Any CPU
	EndGlobalSection
	GlobalSection(SolutionProperties) = preSolution
		HideSolutionNode = FALSE
	EndGlobalSection
	GlobalSection(NestedProjects) = preSolution
		{5141DCDB-B9A4-4770-B6B2-13EE7FFABEA0} = {E0E8FFAF-D637-4961-881B-A6967FEC5F1A}
	EndGlobalSection
	GlobalSection(ExtensibilityGlobals) = postSolution
		SolutionGuid = {B1F9D756-92E3-4AA6-B99A-C807A2C8ADC6}
	EndGlobalSection
EndGlobal
